PODS:
  - Capacitor (6.1.1):
    - CapacitorCordova
  - CapacitorCommunityBluetoothLe (6.0.1):
    - Capacitor
  - CapacitorCordova (6.1.1)

DEPENDENCIES:
  - "Capacitor (from `../../node_modules/@capacitor/ios`)"
  - "CapacitorCommunityBluetoothLe (from `../../node_modules/@capacitor-community/bluetooth-le`)"
  - "CapacitorCordova (from `../../node_modules/@capacitor/ios`)"

EXTERNAL SOURCES:
  Capacitor:
    :path: "../../node_modules/@capacitor/ios"
  CapacitorCommunityBluetoothLe:
    :path: "../../node_modules/@capacitor-community/bluetooth-le"
  CapacitorCordova:
    :path: "../../node_modules/@capacitor/ios"

SPEC CHECKSUMS:
  Capacitor: 7b38922425a542e0b5936c8f72ea89d876dd4df1
  CapacitorCommunityBluetoothLe: b554daec38aeffc3441662f890e333381797b162
  CapacitorCordova: 8f2cc8d8d3619c566e9418fe8772064a94266106

PODFILE CHECKSUM: 47998e176d73fb1dcd46c2cd81d1fab8a9f392d8

COCOAPODS: 1.16.2
